
Microsoft Visual Studio Solution File, Format Version 9.00
# Visual Studio 2005
Project("{8BC9CEB8-8B4A-11D0-8D11-00A0C91BC942}") = "tinyxml", "tinyxml.vcproj", "{C44BF5F4-BFCF-4D16-B4FC-FC09141E2585}"
EndProject
Global
	GlobalSection(SolutionConfigurationPlatforms) = preSolution
		Debug|Win32 = Debug|Win32
		Release|Win32 = Release|Win32
	EndGlobalSection
	GlobalSection(ProjectConfigurationPlatforms) = postSolution
		{C44BF5F4-BFCF-4D16-B4FC-FC09141E2585}.Debug|Win32.ActiveCfg = Debug|Win32
		{C44BF5F4-BFCF-4D16-B4FC-FC09141E2585}.Debug|Win32.Build.0 = Debug|Win32
		{C44BF5F4-BFCF-4D16-B4FC-FC09141E2585}.Release|Win32.ActiveCfg = Release|Win32
		{C44BF5F4-BFCF-4D16-B4FC-FC09141E2585}.Release|Win32.Build.0 = Release|Win32
	EndGlobalSection
	GlobalSection(SolutionProperties) = preSolution
		HideSolutionNode = FALSE
	EndGlobalSection
EndGlobal
